
Microsoft Visual Studio Solution File, Format Version 12.00
# Visual Studio Version 16
VisualStudioVersion = 16.0.30503.244
MinimumVisualStudioVersion = 10.0.40219.1
Project("{9A19103F-16F7-4668-BE54-9A1E7A4F7556}") = "WebAdmin", "WebAdmin\WebAdmin.csproj", "{39C64C29-92D7-4E15-955E-9C498A5D7362}"
EndProject
Project("{9A19103F-16F7-4668-BE54-9A1E7A4F7556}") = "BlazorCore", "BlazorCore\BlazorCore.csproj", "{2B6811D0-F968-4AB9-B2E3-4EE22297FF69}"
EndProject
Project("{2150E333-8FDC-42A3-9474-1A3956D46DE8}") = "Solution Items", "Solution Items", "{7CEE848C-AE57-49D4-A383-B67C665F86FE}"
	ProjectSection(SolutionItems) = preProject
		.github\workflows\firebase-hosting-merge.yml = .github\workflows\firebase-hosting-merge.yml
		.github\workflows\firebase-hosting-pull-request.yml = .github\workflows\firebase-hosting-pull-request.yml
	EndProjectSection
EndProject
Global
	GlobalSection(SolutionConfigurationPlatforms) = preSolution
		Debug|Any CPU = Debug|Any CPU
		Release|Any CPU = Release|Any CPU
	EndGlobalSection
	GlobalSection(ProjectConfigurationPlatforms) = postSolution
		{39C64C29-92D7-4E15-955E-9C498A5D7362}.Debug|Any CPU.ActiveCfg = Debug|Any CPU
		{39C64C29-92D7-4E15-955E-9C498A5D7362}.Debug|Any CPU.Build.0 = Debug|Any CPU
		{39C64C29-92D7-4E15-955E-9C498A5D7362}.Release|Any CPU.ActiveCfg = Release|Any CPU
		{39C64C29-92D7-4E15-955E-9C498A5D7362}.Release|Any CPU.Build.0 = Release|Any CPU
		{2B6811D0-F968-4AB9-B2E3-4EE22297FF69}.Debug|Any CPU.ActiveCfg = Debug|Any CPU
		{2B6811D0-F968-4AB9-B2E3-4EE22297FF69}.Debug|Any CPU.Build.0 = Debug|Any CPU
		{2B6811D0-F968-4AB9-B2E3-4EE22297FF69}.Release|Any CPU.ActiveCfg = Release|Any CPU
		{2B6811D0-F968-4AB9-B2E3-4EE22297FF69}.Release|Any CPU.Build.0 = Release|Any CPU
	EndGlobalSection
	GlobalSection(SolutionProperties) = preSolution
		HideSolutionNode = FALSE
	EndGlobalSection
	GlobalSection(ExtensibilityGlobals) = postSolution
		SolutionGuid = {0A543345-8664-4A44-ACD6-B36A3752A9D3}
	EndGlobalSection
EndGlobal
